// !$*UTF8*$!
{
	archiveVersion = 1;
	classes = {
	};
	objectVersion = 77;
	objects = {

/* Begin PBXContainerItemProxy section */
		631CD9102D932AEC00582DB2 /* PBXContainerItemProxy */ = {
			isa = PBXContainerItemProxy;
			containerPortal = 631CD8F52D932AE900582DB2 /* Project object */;
			proxyType = 1;
			remoteGlobalIDString = 631CD8FC2D932AEA00582DB2;
			remoteInfo = "SwiftUI-Flower";
		};
		631CD91A2D932AEC00582DB2 /* PBXContainerItemProxy */ = {
			isa = PBXContainerItemProxy;
			containerPortal = 631CD8F52D932AE900582DB2 /* Project object */;
			proxyType = 1;
			remoteGlobalIDString = 631CD8FC2D932AEA00582DB2;
			remoteInfo = "SwiftUI-Flower";
		};
/* End PBXContainerItemProxy section */

/* Begin PBXFileReference section */
		631CD8FD2D932AEA00582DB2 /* SwiftUI-Flower.app */ = {isa = PBXFileReference; explicitFileType = wrapper.application; includeInIndex = 0; path = "SwiftUI-Flower.app"; sourceTree = BUILT_PRODUCTS_DIR; };
		631CD90F2D932AEC00582DB2 /* SwiftUI-FlowerTests.xctest */ = {isa = PBXFileReference; explicitFileType = wrapper.cfbundle; includeInIndex = 0; path = "SwiftUI-FlowerTests.xctest"; sourceTree = BUILT_PRODUCTS_DIR; };
		631CD9192D932AEC00582DB2 /* SwiftUI-FlowerUITests.xctest */ = {isa = PBXFileReference; explicitFileType = wrapper.cfbundle; includeInIndex = 0; path = "SwiftUI-FlowerUITests.xctest"; sourceTree = BUILT_PRODUCTS_DIR; };
/* End PBXFileReference section */

/* Begin PBXFileSystemSynchronizedRootGroup section */
		631CD8FF2D932AEA00582DB2 /* SwiftUI-Flower */ = {
			isa = PBXFileSystemSynchronizedRootGroup;
			path = "SwiftUI-Flower";
			sourceTree = "<group>";
		};
		631CD9122D932AEC00582DB2 /* SwiftUI-FlowerTests */ = {
			isa = PBXFileSystemSynchronizedRootGroup;
			path = "SwiftUI-FlowerTests";
			sourceTree = "<group>";
		};
		631CD91C2D932AEC00582DB2 /* SwiftUI-FlowerUITests */ = {
			isa = PBXFileSystemSynchronizedRootGroup;
			path = "SwiftUI-FlowerUITests";
			sourceTree = "<group>";
		};
/* End PBXFileSystemSynchronizedRootGroup section */

/* Begin PBXFrameworksBuildPhase section */
		631CD8FA2D932AEA00582DB2 /* Frameworks */ = {
			isa = PBXFrameworksBuildPhase;
			buildActionMask = 2147483647;
			files = (
			);
			runOnlyForDeploymentPostprocessing = 0;
		};
		631CD90C2D932AEC00582DB2 /* Frameworks */ = {
			isa = PBXFrameworksBuildPhase;
			buildActionMask = 2147483647;
			files = (
			);
			runOnlyForDeploymentPostprocessing = 0;
		};
		631CD9162D932AEC00582DB2 /* Frameworks */ = {
			isa = PBXFrameworksBuildPhase;
			buildActionMask = 2147483647;
			files = (
			);
			runOnlyForDeploymentPostprocessing = 0;
		};
/* End PBXFrameworksBuildPhase section */

/* Begin PBXGroup section */
		631CD8F42D932AE900582DB2 = {
			isa = PBXGroup;
			children = (
				631CD8FF2D932AEA00582DB2 /* SwiftUI-Flower */,
				631CD9122D932AEC00582DB2 /* SwiftUI-FlowerTests */,
				631CD91C2D932AEC00582DB2 /* SwiftUI-FlowerUITests */,
				631CD8FE2D932AEA00582DB2 /* Products */,
			);
			sourceTree = "<group>";
		};
		631CD8FE2D932AEA00582DB2 /* Products */ = {
			isa = PBXGroup;
			children = (
				631CD8FD2D932AEA00582DB2 /* SwiftUI-Flower.app */,
				631CD90F2D932AEC00582DB2 /* SwiftUI-FlowerTests.xctest */,
				631CD9192D932AEC00582DB2 /* SwiftUI-FlowerUITests.xctest */,
			);
			name = Products;
			sourceTree = "<group>";
		};
/* End PBXGroup section */

/* Begin PBXNativeTarget section */
		631CD8FC2D932AEA00582DB2 /* SwiftUI-Flower */ = {
			isa = PBXNativeTarget;
			buildConfigurationList = 631CD9232D932AEC00582DB2 /* Build configuration list for PBXNativeTarget "SwiftUI-Flower" */;
			buildPhases = (
				631CD8F92D932AEA00582DB2 /* Sources */,
				631CD8FA2D932AEA00582DB2 /* Frameworks */,
				631CD8FB2D932AEA00582DB2 /* Resources */,
			);
			buildRules = (
			);
			dependencies = (
			);
			fileSystemSynchronizedGroups = (
				631CD8FF2D932AEA00582DB2 /* SwiftUI-Flower */,
			);
			name = "SwiftUI-Flower";
			packageProductDependencies = (
			);
			productName = "SwiftUI-Flower";
			productReference = 631CD8FD2D932AEA00582DB2 /* SwiftUI-Flower.app */;
			productType = "com.apple.product-type.application";
		};
		631CD90E2D932AEC00582DB2 /* SwiftUI-FlowerTests */ = {
			isa = PBXNativeTarget;
			buildConfigurationList = 631CD9262D932AEC00582DB2 /* Build configuration list for PBXNativeTarget "SwiftUI-FlowerTests" */;
			buildPhases = (
				631CD90B2D932AEC00582DB2 /* Sources */,
				631CD90C2D932AEC00582DB2 /* Frameworks */,
				631CD90D2D932AEC00582DB2 /* Resources */,
			);
			buildRules = (
			);
			dependencies = (
				631CD9112D932AEC00582DB2 /* PBXTargetDependency */,
			);
			fileSystemSynchronizedGroups = (
				631CD9122D932AEC00582DB2 /* SwiftUI-FlowerTests */,
			);
			name = "SwiftUI-FlowerTests";
			packageProductDependencies = (
			);
			productName = "SwiftUI-FlowerTests";
			productReference = 631CD90F2D932AEC00582DB2 /* SwiftUI-FlowerTests.xctest */;
			productType = "com.apple.product-type.bundle.unit-test";
		};
		631CD9182D932AEC00582DB2 /* SwiftUI-FlowerUITests */ = {
			isa = PBXNativeTarget;
			buildConfigurationList = 631CD9292D932AEC00582DB2 /* Build configuration list for PBXNativeTarget "SwiftUI-FlowerUITests" */;
			buildPhases = (
				631CD9152D932AEC00582DB2 /* Sources */,
				631CD9162D932AEC00582DB2 /* Frameworks */,
				631CD9172D932AEC00582DB2 /* Resources */,
			);
			buildRules = (
			);
			dependencies = (
				631CD91B2D932AEC00582DB2 /* PBXTargetDependency */,
			);
			fileSystemSynchronizedGroups = (
				631CD91C2D932AEC00582DB2 /* SwiftUI-FlowerUITests */,
			);
			name = "SwiftUI-FlowerUITests";
			packageProductDependencies = (
			);
			productName = "SwiftUI-FlowerUITests";
			productReference = 631CD9192D932AEC00582DB2 /* SwiftUI-FlowerUITests.xctest */;
			productType = "com.apple.product-type.bundle.ui-testing";
		};
/* End PBXNativeTarget section */

/* Begin PBXProject section */
		631CD8F52D932AE900582DB2 /* Project object */ = {
			isa = PBXProject;
			attributes = {
				BuildIndependentTargetsInParallel = 1;
				LastSwiftUpdateCheck = 1600;
				LastUpgradeCheck = 1600;
				TargetAttributes = {
					631CD8FC2D932AEA00582DB2 = {
						CreatedOnToolsVersion = 16.0;
					};
					631CD90E2D932AEC00582DB2 = {
						CreatedOnToolsVersion = 16.0;
						TestTargetID = 631CD8FC2D932AEA00582DB2;
					};
					631CD9182D932AEC00582DB2 = {
						CreatedOnToolsVersion = 16.0;
						TestTargetID = 631CD8FC2D932AEA00582DB2;
					};
				};
			};
			buildConfigurationList = 631CD8F82D932AE900582DB2 /* Build configuration list for PBXProject "SwiftUI-Flower" */;
			developmentRegion = en;
			hasScannedForEncodings = 0;
			knownRegions = (
				en,
				Base,
			);
			mainGroup = 631CD8F42D932AE900582DB2;
			minimizedProjectReferenceProxies = 1;
			preferredProjectObjectVersion = 77;
			productRefGroup = 631CD8FE2D932AEA00582DB2 /* Products */;
			projectDirPath = "";
			projectRoot = "";
			targets = (
				631CD8FC2D932AEA00582DB2 /* SwiftUI-Flower */,
				631CD90E2D932AEC00582DB2 /* SwiftUI-FlowerTests */,
				631CD9182D932AEC00582DB2 /* SwiftUI-FlowerUITests */,
			);
		};
/* End PBXProject section */

/* Begin PBXResourcesBuildPhase section */
		631CD8FB2D932AEA00582DB2 /* Resources */ = {
			isa = PBXResourcesBuildPhase;
			buildActionMask = 2147483647;
			files = (
			);
			runOnlyForDeploymentPostprocessing = 0;
		};
		631CD90D2D932AEC00582DB2 /* Resources */ = {
			isa = PBXResourcesBuildPhase;
			buildActionMask = 2147483647;
			files = (
			);
			runOnlyForDeploymentPostprocessing = 0;
		};
		631CD9172D932AEC00582DB2 /* Resources */ = {
			isa = PBXResourcesBuildPhase;
			buildActionMask = 2147483647;
			files = (
			);
			runOnlyForDeploymentPostprocessing = 0;
		};
/* End PBXResourcesBuildPhase section */

/* Begin PBXSourcesBuildPhase section */
		631CD8F92D932AEA00582DB2 /* Sources */ = {
			isa = PBXSourcesBuildPhase;
			buildActionMask = 2147483647;
			files = (
			);
			runOnlyForDeploymentPostprocessing = 0;
		};
		631CD90B2D932AEC00582DB2 /* Sources */ = {
			isa = PBXSourcesBuildPhase;
			buildActionMask = 2147483647;
			files = (
			);
			runOnlyForDeploymentPostprocessing = 0;
		};
		631CD9152D932AEC00582DB2 /* Sources */ = {
			isa = PBXSourcesBuildPhase;
			buildActionMask = 2147483647;
			files = (
			);
			runOnlyForDeploymentPostprocessing = 0;
		};
/* End PBXSourcesBuildPhase section */

/* Begin PBXTargetDependency section */
		631CD9112D932AEC00582DB2 /* PBXTargetDependency */ = {
			isa = PBXTargetDependency;
			target = 631CD8FC2D932AEA00582DB2 /* SwiftUI-Flower */;
			targetProxy = 631CD9102D932AEC00582DB2 /* PBXContainerItemProxy */;
		};
		631CD91B2D932AEC00582DB2 /* PBXTargetDependency */ = {
			isa = PBXTargetDependency;
			target = 631CD8FC2D932AEA00582DB2 /* SwiftUI-Flower */;
			targetProxy = 631CD91A2D932AEC00582DB2 /* PBXContainerItemProxy */;
		};
/* End PBXTargetDependency section */

/* Begin XCBuildConfiguration section */
		631CD9212D932AEC00582DB2 /* Debug */ = {
			isa = XCBuildConfiguration;
			buildSettings = {
				ALWAYS_SEARCH_USER_PATHS = NO;
				ASSETCATALOG_COMPILER_GENERATE_SWIFT_ASSET_SYMBOL_EXTENSIONS = YES;
				CLANG_ANALYZER_NONNULL = YES;
				CLANG_ANALYZER_NUMBER_OBJECT_CONVERSION = YES_AGGRESSIVE;
				CLANG_CXX_LANGUAGE_STANDARD = "gnu++20";
				CLANG_ENABLE_MODULES = YES;
				CLANG_ENABLE_OBJC_ARC = YES;
				CLANG_ENABLE_OBJC_WEAK = YES;
				CLANG_WARN_BLOCK_CAPTURE_AUTORELEASING = YES;
				CLANG_WARN_BOOL_CONVERSION = YES;
				CLANG_WARN_COMMA = YES;
				CLANG_WARN_CONSTANT_CONVERSION = YES;
				CLANG_WARN_DEPRECATED_OBJC_IMPLEMENTATIONS = YES;
				CLANG_WARN_DIRECT_OBJC_ISA_USAGE = YES_ERROR;
				CLANG_WARN_DOCUMENTATION_COMMENTS = YES;
				CLANG_WARN_EMPTY_BODY = YES;
				CLANG_WARN_ENUM_CONVERSION = YES;
				CLANG_WARN_INFINITE_RECURSION = YES;
				CLANG_WARN_INT_CONVERSION = YES;
				CLANG_WARN_NON_LITERAL_NULL_CONVERSION = YES;
				CLANG_WARN_OBJC_IMPLICIT_RETAIN_SELF = YES;
				CLANG_WARN_OBJC_LITERAL_CONVERSION = YES;
				CLANG_WARN_OBJC_ROOT_CLASS = YES_ERROR;
				CLANG_WARN_QUOTED_INCLUDE_IN_FRAMEWORK_HEADER = YES;
				CLANG_WARN_RANGE_LOOP_ANALYSIS = YES;
				CLANG_WARN_STRICT_PROTOTYPES = YES;
				CLANG_WARN_SUSPICIOUS_MOVE = YES;
				CLANG_WARN_UNGUARDED_AVAILABILITY = YES_AGGRESSIVE;
				CLANG_WARN_UNREACHABLE_CODE = YES;
				CLANG_WARN__DUPLICATE_METHOD_MATCH = YES;
				COPY_PHASE_STRIP = NO;
				DEBUG_INFORMATION_FORMAT = dwarf;
				ENABLE_STRICT_OBJC_MSGSEND = YES;
				ENABLE_TESTABILITY = YES;
				ENABLE_USER_SCRIPT_SANDBOXING = YES;
				GCC_C_LANGUAGE_STANDARD = gnu17;
				GCC_DYNAMIC_NO_PIC = NO;
				GCC_NO_COMMON_BLOCKS = YES;
				GCC_OPTIMIZATION_LEVEL = 0;
				GCC_PREPROCESSOR_DEFINITIONS = (
					"DEBUG=1",
					"$(inherited)",
				);
				GCC_WARN_64_TO_32_BIT_CONVERSION = YES;
				GCC_WARN_ABOUT_RETURN_TYPE = YES_ERROR;
				GCC_WARN_UNDECLARED_SELECTOR = YES;
				GCC_WARN_UNINITIALIZED_AUTOS = YES_AGGRESSIVE;
				GCC_WARN_UNUSED_FUNCTION = YES;
				GCC_WARN_UNUSED_VARIABLE = YES;
				IPHONEOS_DEPLOYMENT_TARGET = 18.0;
				LOCALIZATION_PREFERS_STRING_CATALOGS = YES;
				MTL_ENABLE_DEBUG_INFO = INCLUDE_SOURCE;
				MTL_FAST_MATH = YES;
				ONLY_ACTIVE_ARCH = YES;
				SDKROOT = iphoneos;
				SWIFT_ACTIVE_COMPILATION_CONDITIONS = "DEBUG $(inherited)";
				SWIFT_OPTIMIZATION_LEVEL = "-Onone";
			};
			name = Debug;
		};
		631CD9222D932AEC00582DB2 /* Release */ = {
			isa = XCBuildConfiguration;
			buildSettings = {
				ALWAYS_SEARCH_USER_PATHS = NO;
				ASSETCATALOG_COMPILER_GENERATE_SWIFT_ASSET_SYMBOL_EXTENSIONS = YES;
				CLANG_ANALYZER_NONNULL = YES;
				CLANG_ANALYZER_NUMBER_OBJECT_CONVERSION = YES_AGGRESSIVE;
				CLANG_CXX_LANGUAGE_STANDARD = "gnu++20";
				CLANG_ENABLE_MODULES = YES;
				CLANG_ENABLE_OBJC_ARC = YES;
				CLANG_ENABLE_OBJC_WEAK = YES;
				CLANG_WARN_BLOCK_CAPTURE_AUTORELEASING = YES;
				CLANG_WARN_BOOL_CONVERSION = YES;
				CLANG_WARN_COMMA = YES;
				CLANG_WARN_CONSTANT_CONVERSION = YES;
				CLANG_WARN_DEPRECATED_OBJC_IMPLEMENTATIONS = YES;
				CLANG_WARN_DIRECT_OBJC_ISA_USAGE = YES_ERROR;
				CLANG_WARN_DOCUMENTATION_COMMENTS = YES;
				CLANG_WARN_EMPTY_BODY = YES;
				CLANG_WARN_ENUM_CONVERSION = YES;
				CLANG_WARN_INFINITE_RECURSION = YES;
				CLANG_WARN_INT_CONVERSION = YES;
				CLANG_WARN_NON_LITERAL_NULL_CONVERSION = YES;
				CLANG_WARN_OBJC_IMPLICIT_RETAIN_SELF = YES;
				CLANG_WARN_OBJC_LITERAL_CONVERSION = YES;
				CLANG_WARN_OBJC_ROOT_CLASS = YES_ERROR;
				CLANG_WARN_QUOTED_INCLUDE_IN_FRAMEWORK_HEADER = YES;
				CLANG_WARN_RANGE_LOOP_ANALYSIS = YES;
				CLANG_WARN_STRICT_PROTOTYPES = YES;
				CLANG_WARN_SUSPICIOUS_MOVE = YES;
				CLANG_WARN_UNGUARDED_AVAILABILITY = YES_AGGRESSIVE;
				CLANG_WARN_UNREACHABLE_CODE = YES;
				CLANG_WARN__DUPLICATE_METHOD_MATCH = YES;
				COPY_PHASE_STRIP = NO;
				DEBUG_INFORMATION_FORMAT = "dwarf-with-dsym";
				ENABLE_NS_ASSERTIONS = NO;
				ENABLE_STRICT_OBJC_MSGSEND = YES;
				ENABLE_USER_SCRIPT_SANDBOXING = YES;
				GCC_C_LANGUAGE_STANDARD = gnu17;
				GCC_NO_COMMON_BLOCKS = YES;
				GCC_WARN_64_TO_32_BIT_CONVERSION = YES;
				GCC_WARN_ABOUT_RETURN_TYPE = YES_ERROR;
				GCC_WARN_UNDECLARED_SELECTOR = YES;
				GCC_WARN_UNINITIALIZED_AUTOS = YES_AGGRESSIVE;
				GCC_WARN_UNUSED_FUNCTION = YES;
				GCC_WARN_UNUSED_VARIABLE = YES;
				IPHONEOS_DEPLOYMENT_TARGET = 18.0;
				LOCALIZATION_PREFERS_STRING_CATALOGS = YES;
				MTL_ENABLE_DEBUG_INFO = NO;
				MTL_FAST_MATH = YES;
				SDKROOT = iphoneos;
				SWIFT_COMPILATION_MODE = wholemodule;
				VALIDATE_PRODUCT = YES;
			};
			name = Release;
		};
		631CD9242D932AEC00582DB2 /* Debug */ = {
			isa = XCBuildConfiguration;
			buildSettings = {
				ASSETCATALOG_COMPILER_APPICON_NAME = AppIcon;
				ASSETCATALOG_COMPILER_GLOBAL_ACCENT_COLOR_NAME = AccentColor;
				CODE_SIGN_STYLE = Automatic;
				CURRENT_PROJECT_VERSION = 1;
				DEVELOPMENT_ASSET_PATHS = "\"SwiftUI-Flower/Preview Content\"";
				DEVELOPMENT_TEAM = QKSB72LS38;
				ENABLE_PREVIEWS = YES;
				GENERATE_INFOPLIST_FILE = YES;
				INFOPLIST_KEY_UIApplicationSceneManifest_Generation = YES;
				INFOPLIST_KEY_UIApplicationSupportsIndirectInputEvents = YES;
				INFOPLIST_KEY_UILaunchScreen_Generation = YES;
				INFOPLIST_KEY_UISupportedInterfaceOrientations_iPad = "UIInterfaceOrientationPortrait UIInterfaceOrientationPortraitUpsideDown UIInterfaceOrientationLandscapeLeft UIInterfaceOrientationLandscapeRight";
				INFOPLIST_KEY_UISupportedInterfaceOrientations_iPhone = "UIInterfaceOrientationPortrait UIInterfaceOrientationLandscapeLeft UIInterfaceOrientationLandscapeRight";
				LD_RUNPATH_SEARCH_PATHS = (
					"$(inherited)",
					"@executable_path/Frameworks",
				);
				MARKETING_VERSION = 1.0;
				PRODUCT_BUNDLE_IDENTIFIER = "duythanh.com.SwiftUI-Flower";
				PRODUCT_NAME = "$(TARGET_NAME)";
				SWIFT_EMIT_LOC_STRINGS = YES;
				SWIFT_VERSION = 5.0;
				TARGETED_DEVICE_FAMILY = "1,2";
			};
			name = Debug;
		};
		631CD9252D932AEC00582DB2 /* Release */ = {
			isa = XCBuildConfiguration;
			buildSettings = {
				ASSETCATALOG_COMPILER_APPICON_NAME = AppIcon;
				ASSETCATALOG_COMPILER_GLOBAL_ACCENT_COLOR_NAME = AccentColor;
				CODE_SIGN_STYLE = Automatic;
				CURRENT_PROJECT_VERSION = 1;
				DEVELOPMENT_ASSET_PATHS = "\"SwiftUI-Flower/Preview Content\"";
				DEVELOPMENT_TEAM = QKSB72LS38;
				ENABLE_PREVIEWS = YES;
				GENERATE_INFOPLIST_FILE = YES;
				INFOPLIST_KEY_UIApplicationSceneManifest_Generation = YES;
				INFOPLIST_KEY_UIApplicationSupportsIndirectInputEvents = YES;
				INFOPLIST_KEY_UILaunchScreen_Generation = YES;
				INFOPLIST_KEY_UISupportedInterfaceOrientations_iPad = "UIInterfaceOrientationPortrait UIInterfaceOrientationPortraitUpsideDown UIInterfaceOrientationLandscapeLeft UIInterfaceOrientationLandscapeRight";
				INFOPLIST_KEY_UISupportedInterfaceOrientations_iPhone = "UIInterfaceOrientationPortrait UIInterfaceOrientationLandscapeLeft UIInterfaceOrientationLandscapeRight";
				LD_RUNPATH_SEARCH_PATHS = (
					"$(inherited)",
					"@executable_path/Frameworks",
				);
				MARKETING_VERSION = 1.0;
				PRODUCT_BUNDLE_IDENTIFIER = "duythanh.com.SwiftUI-Flower";
				PRODUCT_NAME = "$(TARGET_NAME)";
				SWIFT_EMIT_LOC_STRINGS = YES;
				SWIFT_VERSION = 5.0;
				TARGETED_DEVICE_FAMILY = "1,2";
			};
			name = Release;
		};
		631CD9272D932AEC00582DB2 /* Debug */ = {
			isa = XCBuildConfiguration;
			buildSettings = {
				BUNDLE_LOADER = "$(TEST_HOST)";
				CODE_SIGN_STYLE = Automatic;
				CURRENT_PROJECT_VERSION = 1;
				DEVELOPMENT_TEAM = QKSB72LS38;
				GENERATE_INFOPLIST_FILE = YES;
				IPHONEOS_DEPLOYMENT_TARGET = 18.0;
				MARKETING_VERSION = 1.0;
				PRODUCT_BUNDLE_IDENTIFIER = "duythanh.com.SwiftUI-FlowerTests";
				PRODUCT_NAME = "$(TARGET_NAME)";
				SWIFT_EMIT_LOC_STRINGS = NO;
				SWIFT_VERSION = 5.0;
				TARGETED_DEVICE_FAMILY = "1,2";
				TEST_HOST = "$(BUILT_PRODUCTS_DIR)/SwiftUI-Flower.app/$(BUNDLE_EXECUTABLE_FOLDER_PATH)/SwiftUI-Flower";
			};
			name = Debug;
		};
		631CD9282D932AEC00582DB2 /* Release */ = {
			isa = XCBuildConfiguration;
			buildSettings = {
				BUNDLE_LOADER = "$(TEST_HOST)";
				CODE_SIGN_STYLE = Automatic;
				CURRENT_PROJECT_VERSION = 1;
				DEVELOPMENT_TEAM = QKSB72LS38;
				GENERATE_INFOPLIST_FILE = YES;
				IPHONEOS_DEPLOYMENT_TARGET = 18.0;
				MARKETING_VERSION = 1.0;
				PRODUCT_BUNDLE_IDENTIFIER = "duythanh.com.SwiftUI-FlowerTests";
				PRODUCT_NAME = "$(TARGET_NAME)";
				SWIFT_EMIT_LOC_STRINGS = NO;
				SWIFT_VERSION = 5.0;
				TARGETED_DEVICE_FAMILY = "1,2";
				TEST_HOST = "$(BUILT_PRODUCTS_DIR)/SwiftUI-Flower.app/$(BUNDLE_EXECUTABLE_FOLDER_PATH)/SwiftUI-Flower";
			};
			name = Release;
		};
		631CD92A2D932AEC00582DB2 /* Debug */ = {
			isa = XCBuildConfiguration;
			buildSettings = {
				CODE_SIGN_STYLE = Automatic;
				CURRENT_PROJECT_VERSION = 1;
				DEVELOPMENT_TEAM = QKSB72LS38;
				GENERATE_INFOPLIST_FILE = YES;
				MARKETING_VERSION = 1.0;
				PRODUCT_BUNDLE_IDENTIFIER = "duythanh.com.SwiftUI-FlowerUITests";
				PRODUCT_NAME = "$(TARGET_NAME)";
				SWIFT_EMIT_LOC_STRINGS = NO;
				SWIFT_VERSION = 5.0;
				TARGETED_DEVICE_FAMILY = "1,2";
				TEST_TARGET_NAME = "SwiftUI-Flower";
			};
			name = Debug;
		};
		631CD92B2D932AEC00582DB2 /* Release */ = {
			isa = XCBuildConfiguration;
			buildSettings = {
				CODE_SIGN_STYLE = Automatic;
				CURRENT_PROJECT_VERSION = 1;
				DEVELOPMENT_TEAM = QKSB72LS38;
				GENERATE_INFOPLIST_FILE = YES;
				MARKETING_VERSION = 1.0;
				PRODUCT_BUNDLE_IDENTIFIER = "duythanh.com.SwiftUI-FlowerUITests";
				PRODUCT_NAME = "$(TARGET_NAME)";
				SWIFT_EMIT_LOC_STRINGS = NO;
				SWIFT_VERSION = 5.0;
				TARGETED_DEVICE_FAMILY = "1,2";
				TEST_TARGET_NAME = "SwiftUI-Flower";
			};
			name = Release;
		};
/* End XCBuildConfiguration section */

/* Begin XCConfigurationList section */
		631CD8F82D932AE900582DB2 /* Build configuration list for PBXProject "SwiftUI-Flower" */ = {
			isa = XCConfigurationList;
			buildConfigurations = (
				631CD9212D932AEC00582DB2 /* Debug */,
				631CD9222D932AEC00582DB2 /* Release */,
			);
			defaultConfigurationIsVisible = 0;
			defaultConfigurationName = Release;
		};
		631CD9232D932AEC00582DB2 /* Build configuration list for PBXNativeTarget "SwiftUI-Flower" */ = {
			isa = XCConfigurationList;
			buildConfigurations = (
				631CD9242D932AEC00582DB2 /* Debug */,
				631CD9252D932AEC00582DB2 /* Release */,
			);
			defaultConfigurationIsVisible = 0;
			defaultConfigurationName = Release;
		};
		631CD9262D932AEC00582DB2 /* Build configuration list for PBXNativeTarget "SwiftUI-FlowerTests" */ = {
			isa = XCConfigurationList;
			buildConfigurations = (
				631CD9272D932AEC00582DB2 /* Debug */,
				631CD9282D932AEC00582DB2 /* Release */,
			);
			defaultConfigurationIsVisible = 0;
			defaultConfigurationName = Release;
		};
		631CD9292D932AEC00582DB2 /* Build configuration list for PBXNativeTarget "SwiftUI-FlowerUITests" */ = {
			isa = XCConfigurationList;
			buildConfigurations = (
				631CD92A2D932AEC00582DB2 /* Debug */,
				631CD92B2D932AEC00582DB2 /* Release */,
			);
			defaultConfigurationIsVisible = 0;
			defaultConfigurationName = Release;
		};
/* End XCConfigurationList section */
	};
	rootObject = 631CD8F52D932AE900582DB2 /* Project object */;
}
